{
  "name": "test-css-minimalist",
  "lockfileVersion": 3,
  "requires": true,
  "packages": {
    "": {
      "dependencies": {
        "@abrahamalanya/css-minimalist": "^1.1.1"
      }
    },
    "node_modules/@abrahamalanya/css-minimalist": {
      "version": "1.1.1",
      "resolved": "https://npm.pkg.github.com/download/@abrahamalanya/css-minimalist/1.1.1/13ba89fee81481cba112843ec482c6c748dd85c8",
      "integrity": "sha512-9jQBDx0bXnpOk+IsCEo/KyCPS3oUAqjpEkcFQtyNEcLRv6oIiDHfcp0bB3AIkct0oy1cJjRQ3HwJtd5oF6VcIQ==",
      "license": "MIT"
    }
  }
}
